
Microsoft Visual Studio Solution File, Format Version 12.00
# Visual Studio Version 17
VisualStudioVersion = 17.12.35707.178
MinimumVisualStudioVersion = 10.0.40219.1
Project("{FAE04EC0-301F-11D3-BF4B-00C04F79EFBC}") = "concurrencia3", "concurrencia3\concurrencia3\concurrencia3.csproj", "{120281D7-D677-46D5-91D1-1991096C7689}"
EndProject
Project("{FAE04EC0-301F-11D3-BF4B-00C04F79EFBC}") = "Alejandro", "Alejandro\Alejandro.csproj", "{82594619-B7F9-4BB4-BFC6-79183E6FC492}"
EndProject
Project("{FAE04EC0-301F-11D3-BF4B-00C04F79EFBC}") = "accesoAbasesDeDatos", "accesoAbasesDeDatos\accesoAbasesDeDatos\accesoAbasesDeDatos.csproj", "{3F1D266B-C1C3-42E0-8661-04E70F795801}"
EndProject
Project("{FAE04EC0-301F-11D3-BF4B-00C04F79EFBC}") = "Contactos", "Contactos\Contactos\Contactos.csproj", "{37EEE94E-588D-46E7-A158-9BC16470F3CC}"
EndProject
Project("{FAE04EC0-301F-11D3-BF4B-00C04F79EFBC}") = "prueba2", "prueba2\prueba2\prueba2.csproj", "{8D75FFE9-F4A7-4928-AE36-69D155DC834A}"
EndProject
Project("{FAE04EC0-301F-11D3-BF4B-00C04F79EFBC}") = "Interfas grafica dinamica", "Interfas grafica dinamica\Interfas grafica dinamica.csproj", "{5AC99649-2E81-4841-A31D-8355ADDA4AD6}"
EndProject
Global
	GlobalSection(SolutionConfigurationPlatforms) = preSolution
		Debug|Any CPU = Debug|Any CPU
		Release|Any CPU = Release|Any CPU
	EndGlobalSection
	GlobalSection(ProjectConfigurationPlatforms) = postSolution
		{120281D7-D677-46D5-91D1-1991096C7689}.Debug|Any CPU.ActiveCfg = Debug|Any CPU
		{120281D7-D677-46D5-91D1-1991096C7689}.Debug|Any CPU.Build.0 = Debug|Any CPU
		{120281D7-D677-46D5-91D1-1991096C7689}.Release|Any CPU.ActiveCfg = Release|Any CPU
		{120281D7-D677-46D5-91D1-1991096C7689}.Release|Any CPU.Build.0 = Release|Any CPU
		{82594619-B7F9-4BB4-BFC6-79183E6FC492}.Debug|Any CPU.ActiveCfg = Debug|Any CPU
		{82594619-B7F9-4BB4-BFC6-79183E6FC492}.Debug|Any CPU.Build.0 = Debug|Any CPU
		{82594619-B7F9-4BB4-BFC6-79183E6FC492}.Release|Any CPU.ActiveCfg = Release|Any CPU
		{82594619-B7F9-4BB4-BFC6-79183E6FC492}.Release|Any CPU.Build.0 = Release|Any CPU
		{3F1D266B-C1C3-42E0-8661-04E70F795801}.Debug|Any CPU.ActiveCfg = Debug|Any CPU
		{3F1D266B-C1C3-42E0-8661-04E70F795801}.Debug|Any CPU.Build.0 = Debug|Any CPU
		{3F1D266B-C1C3-42E0-8661-04E70F795801}.Release|Any CPU.ActiveCfg = Release|Any CPU
		{3F1D266B-C1C3-42E0-8661-04E70F795801}.Release|Any CPU.Build.0 = Release|Any CPU
		{37EEE94E-588D-46E7-A158-9BC16470F3CC}.Debug|Any CPU.ActiveCfg = Debug|Any CPU
		{37EEE94E-588D-46E7-A158-9BC16470F3CC}.Debug|Any CPU.Build.0 = Debug|Any CPU
		{37EEE94E-588D-46E7-A158-9BC16470F3CC}.Release|Any CPU.ActiveCfg = Release|Any CPU
		{37EEE94E-588D-46E7-A158-9BC16470F3CC}.Release|Any CPU.Build.0 = Release|Any CPU
		{8D75FFE9-F4A7-4928-AE36-69D155DC834A}.Debug|Any CPU.ActiveCfg = Debug|Any CPU
		{8D75FFE9-F4A7-4928-AE36-69D155DC834A}.Debug|Any CPU.Build.0 = Debug|Any CPU
		{8D75FFE9-F4A7-4928-AE36-69D155DC834A}.Release|Any CPU.ActiveCfg = Release|Any CPU
		{8D75FFE9-F4A7-4928-AE36-69D155DC834A}.Release|Any CPU.Build.0 = Release|Any CPU
		{5AC99649-2E81-4841-A31D-8355ADDA4AD6}.Debug|Any CPU.ActiveCfg = Debug|Any CPU
		{5AC99649-2E81-4841-A31D-8355ADDA4AD6}.Debug|Any CPU.Build.0 = Debug|Any CPU
		{5AC99649-2E81-4841-A31D-8355ADDA4AD6}.Release|Any CPU.ActiveCfg = Release|Any CPU
		{5AC99649-2E81-4841-A31D-8355ADDA4AD6}.Release|Any CPU.Build.0 = Release|Any CPU
	EndGlobalSection
	GlobalSection(SolutionProperties) = preSolution
		HideSolutionNode = FALSE
	EndGlobalSection
EndGlobal
