
Microsoft Visual Studio Solution File, Format Version 12.00
# Visual Studio Version 17
VisualStudioVersion = 17.12.35707.178 d17.12
MinimumVisualStudioVersion = 10.0.40219.1
Project("{FAE04EC0-301F-11D3-BF4B-00C04F79EFBC}") = "Contactos", "Contactos.csproj", "{37EEE94E-588D-46E7-A158-9BC16470F3CC}"
EndProject
Global
	GlobalSection(SolutionConfigurationPlatforms) = preSolution
		Debug|Any CPU = Debug|Any CPU
		Release|Any CPU = Release|Any CPU
	EndGlobalSection
	GlobalSection(ProjectConfigurationPlatforms) = postSolution
		{37EEE94E-588D-46E7-A158-9BC16470F3CC}.Debug|Any CPU.ActiveCfg = Debug|Any CPU
		{37EEE94E-588D-46E7-A158-9BC16470F3CC}.Debug|Any CPU.Build.0 = Debug|Any CPU
		{37EEE94E-588D-46E7-A158-9BC16470F3CC}.Release|Any CPU.ActiveCfg = Release|Any CPU
		{37EEE94E-588D-46E7-A158-9BC16470F3CC}.Release|Any CPU.Build.0 = Release|Any CPU
	EndGlobalSection
	GlobalSection(SolutionProperties) = preSolution
		HideSolutionNode = FALSE
	EndGlobalSection
EndGlobal
